<?xml version="1.0" encoding="utf-8"?>
<Project ToolsVersion="4.0" xmlns="http://schemas.microsoft.com/developer/msbuild/2003">
  <ItemGroup>
    <Filter Include="GUI">
      <UniqueIdentifier>{f1cf2f7c-391d-4371-8073-37870c856a83}</UniqueIdentifier>
    </Filter>
    <Filter Include="GUI_X">
      <UniqueIdentifier>{ee93d937-6daf-41e1-bbf4-a560eb3e1e6c}</UniqueIdentifier>
    </Filter>
    <Filter Include="GUI\Resources">
      <UniqueIdentifier>{f38c7937-c7d0-4cdb-92b6-b07f1c19b9d3}</UniqueIdentifier>
    </Filter>
    <Filter Include="TUX_EXT">
      <UniqueIdentifier>{d6830d6f-85b6-4802-a4e6-381142e5e54a}</UniqueIdentifier>
    </Filter>
    <Filter Include="GUI\Widget">
      <UniqueIdentifier>{5e031ae5-58f4-4bff-9843-51e89f403c5d}</UniqueIdentifier>
    </Filter>
    <Filter Include="GUI_X\res">
      <UniqueIdentifier>{74b03a66-85b3-4809-8b7a-6783fb7d6dee}</UniqueIdentifier>
    </Filter>
  </ItemGroup>
  <ItemGroup>
    <ClCompile Include="main.cpp" />
    <ClCompile Include="GUI\Resources\CursorArrow.cpp">
      <Filter>GUI\Resources</Filter>
    </ClCompile>
    <ClCompile Include="GUI\Resources\CursorHeader.cpp">
      <Filter>GUI\Resources</Filter>
    </ClCompile>
    <ClCompile Include="GUI\Resources\FontProp13_1.cpp">
      <Filter>GUI\Resources</Filter>
    </ClCompile>
    <ClCompile Include="GUI\Resources\FontProp13_ASCII.cpp">
      <Filter>GUI\Resources</Filter>
    </ClCompile>
    <ClCompile Include="GUI\Resources\Resources.cppm">
      <Filter>GUI\Resources</Filter>
    </ClCompile>
    <ClCompile Include="GUI\ScrollCtrl.cpp">
      <Filter>GUI</Filter>
    </ClCompile>
    <ClCompile Include="TUX_EXT\CursorCross.cpp">
      <Filter>TUX_EXT</Filter>
    </ClCompile>
    <ClCompile Include="TUX_EXT\FontMono6x8.cpp">
      <Filter>TUX_EXT</Filter>
    </ClCompile>
    <ClCompile Include="TUX_EXT\FontMono8x8.cpp">
      <Filter>TUX_EXT</Filter>
    </ClCompile>
    <ClCompile Include="TUX_EXT\FontProp8_1.cpp">
      <Filter>TUX_EXT</Filter>
    </ClCompile>
    <ClCompile Include="TUX_EXT\FontProp8_ASCII.cpp">
      <Filter>TUX_EXT</Filter>
    </ClCompile>
    <ClCompile Include="TUX_EXT\tux_osk.cpp">
      <Filter>TUX_EXT</Filter>
    </ClCompile>
    <ClCompile Include="GUI\Timer.cppm">
      <Filter>GUI</Filter>
    </ClCompile>
    <ClCompile Include="GUI\Array.cppm">
      <Filter>GUI</Filter>
    </ClCompile>
    <ClCompile Include="GUI\Core.cppm">
      <Filter>GUI</Filter>
    </ClCompile>
    <ClCompile Include="GUI\Types.cppm">
      <Filter>GUI</Filter>
    </ClCompile>
    <ClCompile Include="GUI\GUICore.cpp">
      <Filter>GUI</Filter>
    </ClCompile>
    <ClCompile Include="GUI\GUICurs.cpp">
      <Filter>GUI</Filter>
    </ClCompile>
    <ClCompile Include="GUI\GUIDEV.cpp">
      <Filter>GUI</Filter>
    </ClCompile>
    <ClCompile Include="GUI\LCD.cppm">
      <Filter>GUI</Filter>
    </ClCompile>
    <ClCompile Include="GUI\String.cppm">
      <Filter>GUI</Filter>
    </ClCompile>
    <ClCompile Include="GUI\Widget.Widget.cppm">
      <Filter>GUI</Filter>
    </ClCompile>
    <ClCompile Include="GUI\Window.cppm">
      <Filter>GUI</Filter>
    </ClCompile>
    <ClCompile Include="GUI\WindowTypes.cppm">
      <Filter>GUI</Filter>
    </ClCompile>
    <ClCompile Include="GUI\Widget.Text.cppm">
      <Filter>GUI\Widget</Filter>
    </ClCompile>
    <ClCompile Include="GUI\Widget.Button.cppm">
      <Filter>GUI\Widget</Filter>
    </ClCompile>
    <ClCompile Include="GUI\Widget.CheckBox.cppm">
      <Filter>GUI\Widget</Filter>
    </ClCompile>
    <ClCompile Include="GUI\Widget.Client.cppm">
      <Filter>GUI\Widget</Filter>
    </ClCompile>
    <ClCompile Include="GUI\Widget.DropDown.cppm">
      <Filter>GUI\Widget</Filter>
    </ClCompile>
    <ClCompile Include="GUI\Widget.Effects.cpp">
      <Filter>GUI\Widget</Filter>
    </ClCompile>
    <ClCompile Include="GUI\Widget.Frame.cppm">
      <Filter>GUI\Widget</Filter>
    </ClCompile>
    <ClCompile Include="GUI\Widget.Header.cppm">
      <Filter>GUI\Widget</Filter>
    </ClCompile>
    <ClCompile Include="GUI\Widget.ListBox.cppm">
      <Filter>GUI\Widget</Filter>
    </ClCompile>
    <ClCompile Include="GUI\Widget.ListView.cppm">
      <Filter>GUI\Widget</Filter>
    </ClCompile>
    <ClCompile Include="GUI\Widget.Menu.cppm">
      <Filter>GUI\Widget</Filter>
    </ClCompile>
    <ClCompile Include="GUI\Widget.MultEdit.cppm">
      <Filter>GUI\Widget</Filter>
    </ClCompile>
    <ClCompile Include="GUI\Widget.MultPage.cppm">
      <Filter>GUI\Widget</Filter>
    </ClCompile>
    <ClCompile Include="GUI\Widget.ProgBar.cppm">
      <Filter>GUI\Widget</Filter>
    </ClCompile>
    <ClCompile Include="GUI\Widget.Radio.cppm">
      <Filter>GUI\Widget</Filter>
    </ClCompile>
    <ClCompile Include="GUI\Widget.ScrollBar.cppm">
      <Filter>GUI\Widget</Filter>
    </ClCompile>
    <ClCompile Include="GUI\Widget.Slider.cppm">
      <Filter>GUI\Widget</Filter>
    </ClCompile>
    <ClCompile Include="GUI\X.cppm">
      <Filter>GUI</Filter>
    </ClCompile>
    <ClCompile Include="GUI_X\GUI_X.cc">
      <Filter>GUI_X</Filter>
    </ClCompile>
    <ClCompile Include="GUI_X\GUI_X_LCD.cc">
      <Filter>GUI_X</Filter>
    </ClCompile>
    <ClCompile Include="GUI_X\GUI_X_MEM.cc">
      <Filter>GUI_X</Filter>
    </ClCompile>
  </ItemGroup>
  <ItemGroup>
    <ClInclude Include="GUIConf.h" />
    <ClInclude Include="GUI\GUI.h">
      <Filter>GUI</Filter>
    </ClInclude>
    <ClInclude Include="GUI\GUIDebug.h">
      <Filter>GUI</Filter>
    </ClInclude>
    <ClInclude Include="GUI_X\resource.h">
      <Filter>GUI_X\res</Filter>
    </ClInclude>
  </ItemGroup>
  <ItemGroup>
    <ResourceCompile Include="GUI_X\SimDisp.rc">
      <Filter>GUI_X\res</Filter>
    </ResourceCompile>
  </ItemGroup>
  <ItemGroup>
    <Image Include="GUI_X\SimDisp.ico">
      <Filter>GUI_X\res</Filter>
    </Image>
  </ItemGroup>
</Project>