<?xml version="1.0" encoding="utf-8"?>
<Project ToolsVersion="4.0" xmlns="http://schemas.microsoft.com/developer/msbuild/2003">
  <ItemGroup>
    <Filter Include="GUI">
      <UniqueIdentifier>{1e71d23b-ba10-4d64-b0ee-6c766f2b19db}</UniqueIdentifier>
    </Filter>
    <Filter Include="Config">
      <UniqueIdentifier>{df4a76cf-1d15-4215-ad08-9f3586562d22}</UniqueIdentifier>
    </Filter>
    <Filter Include="GUI\Core">
      <UniqueIdentifier>{66bb47bc-d957-45e8-b79b-7df70d23c8b4}</UniqueIdentifier>
    </Filter>
    <Filter Include="GUI\LCDDriver">
      <UniqueIdentifier>{4edef917-2fe0-4d3d-a4dd-f2d1af05036a}</UniqueIdentifier>
    </Filter>
    <Filter Include="GUI\MemDev">
      <UniqueIdentifier>{abf105d2-d9ee-4c97-92fc-876b476349fe}</UniqueIdentifier>
    </Filter>
    <Filter Include="GUI\Widget">
      <UniqueIdentifier>{6fc855ae-06c7-466d-b909-67d008be96a8}</UniqueIdentifier>
    </Filter>
    <Filter Include="GUI\WM">
      <UniqueIdentifier>{8d92b71b-5cbf-4b89-a7e6-df0cd70fa38d}</UniqueIdentifier>
    </Filter>
    <Filter Include="GUI_X">
      <UniqueIdentifier>{206fdd61-b446-4ded-be6c-4021f972e1d1}</UniqueIdentifier>
    </Filter>
    <Filter Include="GUI\Resources">
      <UniqueIdentifier>{74df757d-d386-40bb-96a2-291806a6522f}</UniqueIdentifier>
    </Filter>
  </ItemGroup>
  <ItemGroup>
    <ClCompile Include="GUI_X\GUI_X_LCD.cc">
      <Filter>GUI_X</Filter>
    </ClCompile>
    <ClCompile Include="GUI_X\GUI_X.cc">
      <Filter>GUI_X</Filter>
    </ClCompile>
    <ClCompile Include="GUI\Resources\F8x8.c">
      <Filter>GUI\Resources</Filter>
    </ClCompile>
    <ClCompile Include="GUI\Resources\F13_1.c">
      <Filter>GUI\Resources</Filter>
    </ClCompile>
    <ClCompile Include="GUI\Resources\F13_ASCII.c">
      <Filter>GUI\Resources</Filter>
    </ClCompile>
    <ClCompile Include="GUI\MemDev\GUIDEV.c">
      <Filter>GUI\MemDev</Filter>
    </ClCompile>
    <ClCompile Include="GUI\MemDev\GUIDEV_16.c">
      <Filter>GUI\MemDev</Filter>
    </ClCompile>
    <ClCompile Include="GUI\MemDev\GUIDEV_Auto.c">
      <Filter>GUI\MemDev</Filter>
    </ClCompile>
    <ClCompile Include="GUI\MemDev\GUIDEV_Banding.c">
      <Filter>GUI\MemDev</Filter>
    </ClCompile>
    <ClCompile Include="GUI\MemDev\GUIDEV_Clear.c">
      <Filter>GUI\MemDev</Filter>
    </ClCompile>
    <ClCompile Include="GUI\MemDev\GUIDEV_CopyFromLCD.c">
      <Filter>GUI\MemDev</Filter>
    </ClCompile>
    <ClCompile Include="GUI\MemDev\GUIDEV_GetDataPtr.c">
      <Filter>GUI\MemDev</Filter>
    </ClCompile>
    <ClCompile Include="GUI\MemDev\GUIDEV_GetXSize.c">
      <Filter>GUI\MemDev</Filter>
    </ClCompile>
    <ClCompile Include="GUI\MemDev\GUIDEV_GetYSize.c">
      <Filter>GUI\MemDev</Filter>
    </ClCompile>
    <ClCompile Include="GUI\MemDev\GUIDEV_Measure.c">
      <Filter>GUI\MemDev</Filter>
    </ClCompile>
    <ClCompile Include="GUI\MemDev\GUIDEV_ReduceYSize.c">
      <Filter>GUI\MemDev</Filter>
    </ClCompile>
    <ClCompile Include="GUI\MemDev\GUIDEV_SetOrg.c">
      <Filter>GUI\MemDev</Filter>
    </ClCompile>
    <ClCompile Include="GUI\MemDev\GUIDEV_Usage.c">
      <Filter>GUI\MemDev</Filter>
    </ClCompile>
    <ClCompile Include="GUI\MemDev\GUIDEV_UsageBM.c">
      <Filter>GUI\MemDev</Filter>
    </ClCompile>
    <ClCompile Include="GUI\MemDev\GUIDEV_Write.c">
      <Filter>GUI\MemDev</Filter>
    </ClCompile>
    <ClCompile Include="GUI\MemDev\GUIDEV_WriteAlpha.c">
      <Filter>GUI\MemDev</Filter>
    </ClCompile>
    <ClCompile Include="GUI\MemDev\GUIDEV_WriteEx.c">
      <Filter>GUI\MemDev</Filter>
    </ClCompile>
    <ClCompile Include="GUI\MemDev\GUIDEV_XY2PTR.c">
      <Filter>GUI\MemDev</Filter>
    </ClCompile>
    <ClCompile Include="GUI\WM\WM.c">
      <Filter>GUI\WM</Filter>
    </ClCompile>
    <ClCompile Include="GUI\WM\WMMemDev.c">
      <Filter>GUI\WM</Filter>
    </ClCompile>
    <ClCompile Include="GUI\WM\WMTouch.c">
      <Filter>GUI\WM</Filter>
    </ClCompile>
    <ClCompile Include="GUI\LCDDriver\LCD9325.c">
      <Filter>GUI\LCDDriver</Filter>
    </ClCompile>
    <ClCompile Include="main.c" />
    <ClCompile Include="GUI\Resources\F08_1.c">
      <Filter>GUI\Resources</Filter>
    </ClCompile>
    <ClCompile Include="GUI\Resources\F08_ASCII.c">
      <Filter>GUI\Resources</Filter>
    </ClCompile>
    <ClCompile Include="GUI\Resources\F6x8.c">
      <Filter>GUI\Resources</Filter>
    </ClCompile>
    <ClCompile Include="GUI\Widget\BUTTON.c">
      <Filter>GUI\Widget</Filter>
    </ClCompile>
    <ClCompile Include="GUI\Widget\CHECKBOX.c">
      <Filter>GUI\Widget</Filter>
    </ClCompile>
    <ClCompile Include="GUI\Widget\DIALOG.c">
      <Filter>GUI\Widget</Filter>
    </ClCompile>
    <ClCompile Include="GUI\Widget\DROPDOWN.c">
      <Filter>GUI\Widget</Filter>
    </ClCompile>
    <ClCompile Include="GUI\Widget\EDIT.c">
      <Filter>GUI\Widget</Filter>
    </ClCompile>
    <ClCompile Include="GUI\Widget\GUI_ARRAY.c">
      <Filter>GUI\Widget</Filter>
    </ClCompile>
    <ClCompile Include="GUI\Widget\GUI_DRAW.c">
      <Filter>GUI\Widget</Filter>
    </ClCompile>
    <ClCompile Include="GUI\Widget\GUI_DRAW_BITMAP.c">
      <Filter>GUI\Widget</Filter>
    </ClCompile>
    <ClCompile Include="GUI\Widget\GUI_DRAW_Self.c">
      <Filter>GUI\Widget</Filter>
    </ClCompile>
    <ClCompile Include="GUI\Widget\GUI_HOOK.c">
      <Filter>GUI\Widget</Filter>
    </ClCompile>
    <ClCompile Include="GUI\Widget\HEADER.c">
      <Filter>GUI\Widget</Filter>
    </ClCompile>
    <ClCompile Include="GUI\Widget\LISTBOX.c">
      <Filter>GUI\Widget</Filter>
    </ClCompile>
    <ClCompile Include="GUI\Widget\LISTVIEW.c">
      <Filter>GUI\Widget</Filter>
    </ClCompile>
    <ClCompile Include="GUI\Widget\MENU.c">
      <Filter>GUI\Widget</Filter>
    </ClCompile>
    <ClCompile Include="GUI\Widget\MESSAGEBOX.c">
      <Filter>GUI\Widget</Filter>
    </ClCompile>
    <ClCompile Include="GUI\Widget\MULTIEDIT.c">
      <Filter>GUI\Widget</Filter>
    </ClCompile>
    <ClCompile Include="GUI\Widget\MULTIPAGE.c">
      <Filter>GUI\Widget</Filter>
    </ClCompile>
    <ClCompile Include="GUI\Widget\PROGBAR.c">
      <Filter>GUI\Widget</Filter>
    </ClCompile>
    <ClCompile Include="GUI\Widget\RADIO.c">
      <Filter>GUI\Widget</Filter>
    </ClCompile>
    <ClCompile Include="GUI\Widget\SCROLLBAR.c">
      <Filter>GUI\Widget</Filter>
    </ClCompile>
    <ClCompile Include="GUI\Widget\SLIDER.c">
      <Filter>GUI\Widget</Filter>
    </ClCompile>
    <ClCompile Include="GUI\Widget\TEXT.c">
      <Filter>GUI\Widget</Filter>
    </ClCompile>
    <ClCompile Include="GUI\Widget\WIDGET.c">
      <Filter>GUI\Widget</Filter>
    </ClCompile>
    <ClCompile Include="GUI\Widget\WIDGET_Effect_3D.c">
      <Filter>GUI\Widget</Filter>
    </ClCompile>
    <ClCompile Include="GUI\Widget\WIDGET_Effect_3D1L.c">
      <Filter>GUI\Widget</Filter>
    </ClCompile>
    <ClCompile Include="GUI\Widget\WIDGET_Effect_3D2L.c">
      <Filter>GUI\Widget</Filter>
    </ClCompile>
    <ClCompile Include="GUI\Widget\WIDGET_Effect_None.c">
      <Filter>GUI\Widget</Filter>
    </ClCompile>
    <ClCompile Include="GUI\Widget\WIDGET_Effect_Simple.c">
      <Filter>GUI\Widget</Filter>
    </ClCompile>
    <ClCompile Include="GUI\Widget\WINDOW.c">
      <Filter>GUI\Widget</Filter>
    </ClCompile>
    <ClCompile Include="GUI\Widget\FRAMEWIN.c">
      <Filter>GUI\Widget</Filter>
    </ClCompile>
    <ClCompile Include="GUI\Core\GUI_GetBitmapPixelIndex.c">
      <Filter>GUI\Core</Filter>
    </ClCompile>
    <ClCompile Include="GUI\Core\GUI_MOUSE.c">
      <Filter>GUI\Core</Filter>
    </ClCompile>
    <ClCompile Include="GUI\Core\GUI_OnKey.c">
      <Filter>GUI\Core</Filter>
    </ClCompile>
    <ClCompile Include="GUI\Core\GUI_PID.c">
      <Filter>GUI\Core</Filter>
    </ClCompile>
    <ClCompile Include="GUI\Core\GUI_UC.c">
      <Filter>GUI\Core</Filter>
    </ClCompile>
    <ClCompile Include="GUI\Core\GUI_UC_DispString.c">
      <Filter>GUI\Core</Filter>
    </ClCompile>
    <ClCompile Include="GUI\Core\GUI_UC_EncodeNone.c">
      <Filter>GUI\Core</Filter>
    </ClCompile>
    <ClCompile Include="GUI\Core\GUI_UC_EncodeUTF8.c">
      <Filter>GUI\Core</Filter>
    </ClCompile>
    <ClCompile Include="GUI\Core\GUI_X_MEM.c">
      <Filter>GUI\Core</Filter>
    </ClCompile>
    <ClCompile Include="GUI\Core\GUICore.c">
      <Filter>GUI\Core</Filter>
    </ClCompile>
    <ClCompile Include="GUI\Core\GUICurs.c">
      <Filter>GUI\Core</Filter>
    </ClCompile>
    <ClCompile Include="GUI\Core\GUITime.c">
      <Filter>GUI\Core</Filter>
    </ClCompile>
    <ClCompile Include="GUI\Core\GUITimer.c">
      <Filter>GUI\Core</Filter>
    </ClCompile>
    <ClCompile Include="GUI\Core\LCD.c">
      <Filter>GUI\Core</Filter>
    </ClCompile>
    <ClCompile Include="GUI\Core\LCD_Mirror.c">
      <Filter>GUI\Core</Filter>
    </ClCompile>
    <ClCompile Include="GUI\Resources\GUI_CursorArrowL.c">
      <Filter>GUI\Resources</Filter>
    </ClCompile>
    <ClCompile Include="GUI\Resources\GUI_CursorArrowS.c">
      <Filter>GUI\Resources</Filter>
    </ClCompile>
    <ClCompile Include="GUI\Resources\GUI_CursorCrossL.c">
      <Filter>GUI\Resources</Filter>
    </ClCompile>
    <ClCompile Include="GUI\Resources\GUI_CursorCrossM.c">
      <Filter>GUI\Resources</Filter>
    </ClCompile>
    <ClCompile Include="GUI\Resources\GUI_CursorCrossS.c">
      <Filter>GUI\Resources</Filter>
    </ClCompile>
    <ClCompile Include="GUI\Resources\GUI_CursorHeaderM.c">
      <Filter>GUI\Resources</Filter>
    </ClCompile>
    <ClCompile Include="GUI\Resources\GUI_CursorArrowM.c">
      <Filter>GUI\Resources</Filter>
    </ClCompile>
  </ItemGroup>
  <ItemGroup>
    <ClInclude Include="Config\GUIConf.h">
      <Filter>Config</Filter>
    </ClInclude>
    <ClInclude Include="GUI\WM\WM.h">
      <Filter>GUI\WM</Filter>
    </ClInclude>
    <ClInclude Include="GUI\WM\WM_GUI.h">
      <Filter>GUI\WM</Filter>
    </ClInclude>
    <ClInclude Include="GUI\WM\WM_Intern.h">
      <Filter>GUI\WM</Filter>
    </ClInclude>
    <ClInclude Include="GUI\WM\WM_Intern_ConfDep.h">
      <Filter>GUI\WM</Filter>
    </ClInclude>
    <ClInclude Include="GUI_X\resource.h">
      <Filter>GUI_X</Filter>
    </ClInclude>
    <ClInclude Include="GUI\Widget\BUTTON.h">
      <Filter>GUI\Widget</Filter>
    </ClInclude>
    <ClInclude Include="GUI\Widget\BUTTON_Private.h">
      <Filter>GUI\Widget</Filter>
    </ClInclude>
    <ClInclude Include="GUI\Widget\CHECKBOX.h">
      <Filter>GUI\Widget</Filter>
    </ClInclude>
    <ClInclude Include="GUI\Widget\CHECKBOX_Private.h">
      <Filter>GUI\Widget</Filter>
    </ClInclude>
    <ClInclude Include="GUI\Widget\DIALOG.h">
      <Filter>GUI\Widget</Filter>
    </ClInclude>
    <ClInclude Include="GUI\Widget\DIALOG_Intern.h">
      <Filter>GUI\Widget</Filter>
    </ClInclude>
    <ClInclude Include="GUI\Widget\DROPDOWN.h">
      <Filter>GUI\Widget</Filter>
    </ClInclude>
    <ClInclude Include="GUI\Widget\DROPDOWN_Private.h">
      <Filter>GUI\Widget</Filter>
    </ClInclude>
    <ClInclude Include="GUI\Widget\EDIT.h">
      <Filter>GUI\Widget</Filter>
    </ClInclude>
    <ClInclude Include="GUI\Widget\EDIT_Private.h">
      <Filter>GUI\Widget</Filter>
    </ClInclude>
    <ClInclude Include="GUI\Widget\GUI_ARRAY.h">
      <Filter>GUI\Widget</Filter>
    </ClInclude>
    <ClInclude Include="GUI\Widget\GUI_HOOK.h">
      <Filter>GUI\Widget</Filter>
    </ClInclude>
    <ClInclude Include="GUI\Widget\HEADER.h">
      <Filter>GUI\Widget</Filter>
    </ClInclude>
    <ClInclude Include="GUI\Widget\HEADER_Private.h">
      <Filter>GUI\Widget</Filter>
    </ClInclude>
    <ClInclude Include="GUI\Widget\LISTBOX.h">
      <Filter>GUI\Widget</Filter>
    </ClInclude>
    <ClInclude Include="GUI\Widget\LISTBOX_Private.h">
      <Filter>GUI\Widget</Filter>
    </ClInclude>
    <ClInclude Include="GUI\Widget\LISTVIEW.h">
      <Filter>GUI\Widget</Filter>
    </ClInclude>
    <ClInclude Include="GUI\Widget\LISTVIEW_Private.h">
      <Filter>GUI\Widget</Filter>
    </ClInclude>
    <ClInclude Include="GUI\Widget\MENU.h">
      <Filter>GUI\Widget</Filter>
    </ClInclude>
    <ClInclude Include="GUI\Widget\MENU_Private.h">
      <Filter>GUI\Widget</Filter>
    </ClInclude>
    <ClInclude Include="GUI\Widget\MESSAGEBOX.h">
      <Filter>GUI\Widget</Filter>
    </ClInclude>
    <ClInclude Include="GUI\Widget\MULTIEDIT.h">
      <Filter>GUI\Widget</Filter>
    </ClInclude>
    <ClInclude Include="GUI\Widget\MULTIPAGE.h">
      <Filter>GUI\Widget</Filter>
    </ClInclude>
    <ClInclude Include="GUI\Widget\MULTIPAGE_Private.h">
      <Filter>GUI\Widget</Filter>
    </ClInclude>
    <ClInclude Include="GUI\Widget\PROGBAR.h">
      <Filter>GUI\Widget</Filter>
    </ClInclude>
    <ClInclude Include="GUI\Widget\RADIO.h">
      <Filter>GUI\Widget</Filter>
    </ClInclude>
    <ClInclude Include="GUI\Widget\RADIO_Private.h">
      <Filter>GUI\Widget</Filter>
    </ClInclude>
    <ClInclude Include="GUI\Widget\SCROLLBAR.h">
      <Filter>GUI\Widget</Filter>
    </ClInclude>
    <ClInclude Include="GUI\Widget\SCROLLBAR_Private.h">
      <Filter>GUI\Widget</Filter>
    </ClInclude>
    <ClInclude Include="GUI\Widget\SLIDER.h">
      <Filter>GUI\Widget</Filter>
    </ClInclude>
    <ClInclude Include="GUI\Widget\TEXT.h">
      <Filter>GUI\Widget</Filter>
    </ClInclude>
    <ClInclude Include="GUI\Widget\WIDGET.h">
      <Filter>GUI\Widget</Filter>
    </ClInclude>
    <ClInclude Include="GUI\Widget\WINDOW_Private.h">
      <Filter>GUI\Widget</Filter>
    </ClInclude>
    <ClInclude Include="GUI\Widget\FRAMEWIN.h">
      <Filter>GUI\Widget</Filter>
    </ClInclude>
    <ClInclude Include="GUI\Widget\FRAMEWIN_Private.h">
      <Filter>GUI\Widget</Filter>
    </ClInclude>
    <ClInclude Include="GUI\Core\GUI.h">
      <Filter>GUI\Core</Filter>
    </ClInclude>
    <ClInclude Include="GUI\Core\GUI_ConfDefaults.h">
      <Filter>GUI\Core</Filter>
    </ClInclude>
    <ClInclude Include="GUI\Core\GUI_FontIntern.h">
      <Filter>GUI\Core</Filter>
    </ClInclude>
    <ClInclude Include="GUI\Core\GUI_Private.h">
      <Filter>GUI\Core</Filter>
    </ClInclude>
    <ClInclude Include="GUI\Core\GUI_Protected.h">
      <Filter>GUI\Core</Filter>
    </ClInclude>
    <ClInclude Include="GUI\Core\GUI_X.h">
      <Filter>GUI\Core</Filter>
    </ClInclude>
    <ClInclude Include="GUI\Core\GUIDebug.h">
      <Filter>GUI\Core</Filter>
    </ClInclude>
    <ClInclude Include="GUI\Core\GUIType.h">
      <Filter>GUI\Core</Filter>
    </ClInclude>
    <ClInclude Include="GUI\Core\LCD.h">
      <Filter>GUI\Core</Filter>
    </ClInclude>
    <ClInclude Include="GUI\Core\LCD_Private.h">
      <Filter>GUI\Core</Filter>
    </ClInclude>
    <ClInclude Include="GUI\Core\LCD_Protected.h">
      <Filter>GUI\Core</Filter>
    </ClInclude>
  </ItemGroup>
  <ItemGroup>
    <Image Include="GUI_X\SimDisp.ico">
      <Filter>GUI_X</Filter>
    </Image>
  </ItemGroup>
  <ItemGroup>
    <ResourceCompile Include="GUI_X\SimDisp.rc">
      <Filter>GUI_X</Filter>
    </ResourceCompile>
  </ItemGroup>
  <ItemGroup>
    <None Include="test_cert.pfx" />
    <None Include="GUI\Core\Dots.inl">
      <Filter>GUI\Core</Filter>
    </None>
  </ItemGroup>
</Project>