
Microsoft Visual Studio Solution File, Format Version 12.00
# Visual Studio Version 18
VisualStudioVersion = 18.8.11912.234
MinimumVisualStudioVersion = 10.0.40219.1
Project("{2150E333-8FDC-42A3-9474-1A3956D46DE8}") = "SimDisp", "SimDisp", "{DE88987F-53FF-48A2-9376-91BC40302EFF}"
EndProject
Project("{8BC9CEB8-8B4A-11D0-8D11-00A0C91BC942}") = "SimClient", "SimDisp\workspaces\SimClient.vcxproj", "{D977C0AE-A9EE-467F-AE96-E4AD49702BF8}"
	ProjectSection(ProjectDependencies) = postProject
		{D317B3B6-57D9-4688-BFCD-AF3815E79250} = {D317B3B6-57D9-4688-BFCD-AF3815E79250}
	EndProjectSection
EndProject
Project("{8BC9CEB8-8B4A-11D0-8D11-00A0C91BC942}") = "SimDisp", "SimDisp\workspaces\SimDisp.vcxproj", "{1A6597D6-ED10-4AA9-BCB4-71FEE1A6BA3E}"
EndProject
Project("{8BC9CEB8-8B4A-11D0-8D11-00A0C91BC942}") = "SimHost", "SimDisp\workspaces\SimHost.vcxproj", "{D317B3B6-57D9-4688-BFCD-AF3815E79250}"
	ProjectSection(ProjectDependencies) = postProject
		{1A6597D6-ED10-4AA9-BCB4-71FEE1A6BA3E} = {1A6597D6-ED10-4AA9-BCB4-71FEE1A6BA3E}
	EndProjectSection
EndProject
Project("{8BC9CEB8-8B4A-11D0-8D11-00A0C91BC942}") = "TUX", "TUX.vcxproj", "{4BA7F911-B93B-4EE8-8E21-CAD9A47B3DF9}"
	ProjectSection(ProjectDependencies) = postProject
		{1A6597D6-ED10-4AA9-BCB4-71FEE1A6BA3E} = {1A6597D6-ED10-4AA9-BCB4-71FEE1A6BA3E}
		{D977C0AE-A9EE-467F-AE96-E4AD49702BF8} = {D977C0AE-A9EE-467F-AE96-E4AD49702BF8}
	EndProjectSection
EndProject
Global
	GlobalSection(SolutionConfigurationPlatforms) = preSolution
		Debug LLVM|x64 = Debug LLVM|x64
		Debug LLVM|x86 = Debug LLVM|x86
		Debug|x64 = Debug|x64
		Debug|x86 = Debug|x86
		Release LLVM|x64 = Release LLVM|x64
		Release LLVM|x86 = Release LLVM|x86
		Release|x64 = Release|x64
		Release|x86 = Release|x86
	EndGlobalSection
	GlobalSection(ProjectConfigurationPlatforms) = postSolution
		{D977C0AE-A9EE-467F-AE96-E4AD49702BF8}.Debug LLVM|x64.ActiveCfg = Debug LLVM|x64
		{D977C0AE-A9EE-467F-AE96-E4AD49702BF8}.Debug LLVM|x64.Build.0 = Debug LLVM|x64
		{D977C0AE-A9EE-467F-AE96-E4AD49702BF8}.Debug LLVM|x86.ActiveCfg = Debug LLVM|Win32
		{D977C0AE-A9EE-467F-AE96-E4AD49702BF8}.Debug LLVM|x86.Build.0 = Debug LLVM|Win32
		{D977C0AE-A9EE-467F-AE96-E4AD49702BF8}.Debug|x64.ActiveCfg = Debug|x64
		{D977C0AE-A9EE-467F-AE96-E4AD49702BF8}.Debug|x64.Build.0 = Debug|x64
		{D977C0AE-A9EE-467F-AE96-E4AD49702BF8}.Debug|x86.ActiveCfg = Debug|Win32
		{D977C0AE-A9EE-467F-AE96-E4AD49702BF8}.Debug|x86.Build.0 = Debug|Win32
		{D977C0AE-A9EE-467F-AE96-E4AD49702BF8}.Release LLVM|x64.ActiveCfg = Release LLVM|x64
		{D977C0AE-A9EE-467F-AE96-E4AD49702BF8}.Release LLVM|x64.Build.0 = Release LLVM|x64
		{D977C0AE-A9EE-467F-AE96-E4AD49702BF8}.Release LLVM|x86.ActiveCfg = Release LLVM|Win32
		{D977C0AE-A9EE-467F-AE96-E4AD49702BF8}.Release LLVM|x86.Build.0 = Release LLVM|Win32
		{D977C0AE-A9EE-467F-AE96-E4AD49702BF8}.Release|x64.ActiveCfg = Release|x64
		{D977C0AE-A9EE-467F-AE96-E4AD49702BF8}.Release|x64.Build.0 = Release|x64
		{D977C0AE-A9EE-467F-AE96-E4AD49702BF8}.Release|x86.ActiveCfg = Release|Win32
		{D977C0AE-A9EE-467F-AE96-E4AD49702BF8}.Release|x86.Build.0 = Release|Win32
		{1A6597D6-ED10-4AA9-BCB4-71FEE1A6BA3E}.Debug LLVM|x64.ActiveCfg = Debug LLVM|x64
		{1A6597D6-ED10-4AA9-BCB4-71FEE1A6BA3E}.Debug LLVM|x64.Build.0 = Debug LLVM|x64
		{1A6597D6-ED10-4AA9-BCB4-71FEE1A6BA3E}.Debug LLVM|x86.ActiveCfg = Debug LLVM|Win32
		{1A6597D6-ED10-4AA9-BCB4-71FEE1A6BA3E}.Debug LLVM|x86.Build.0 = Debug LLVM|Win32
		{1A6597D6-ED10-4AA9-BCB4-71FEE1A6BA3E}.Debug|x64.ActiveCfg = Debug|x64
		{1A6597D6-ED10-4AA9-BCB4-71FEE1A6BA3E}.Debug|x64.Build.0 = Debug|x64
		{1A6597D6-ED10-4AA9-BCB4-71FEE1A6BA3E}.Debug|x86.ActiveCfg = Debug|Win32
		{1A6597D6-ED10-4AA9-BCB4-71FEE1A6BA3E}.Debug|x86.Build.0 = Debug|Win32
		{1A6597D6-ED10-4AA9-BCB4-71FEE1A6BA3E}.Release LLVM|x64.ActiveCfg = Release LLVM|x64
		{1A6597D6-ED10-4AA9-BCB4-71FEE1A6BA3E}.Release LLVM|x64.Build.0 = Release LLVM|x64
		{1A6597D6-ED10-4AA9-BCB4-71FEE1A6BA3E}.Release LLVM|x86.ActiveCfg = Release LLVM|Win32
		{1A6597D6-ED10-4AA9-BCB4-71FEE1A6BA3E}.Release LLVM|x86.Build.0 = Release LLVM|Win32
		{1A6597D6-ED10-4AA9-BCB4-71FEE1A6BA3E}.Release|x64.ActiveCfg = Release|x64
		{1A6597D6-ED10-4AA9-BCB4-71FEE1A6BA3E}.Release|x64.Build.0 = Release|x64
		{1A6597D6-ED10-4AA9-BCB4-71FEE1A6BA3E}.Release|x86.ActiveCfg = Release|Win32
		{1A6597D6-ED10-4AA9-BCB4-71FEE1A6BA3E}.Release|x86.Build.0 = Release|Win32
		{D317B3B6-57D9-4688-BFCD-AF3815E79250}.Debug LLVM|x64.ActiveCfg = Debug LLVM|x64
		{D317B3B6-57D9-4688-BFCD-AF3815E79250}.Debug LLVM|x64.Build.0 = Debug LLVM|x64
		{D317B3B6-57D9-4688-BFCD-AF3815E79250}.Debug LLVM|x86.ActiveCfg = Debug LLVM|Win32
		{D317B3B6-57D9-4688-BFCD-AF3815E79250}.Debug LLVM|x86.Build.0 = Debug LLVM|Win32
		{D317B3B6-57D9-4688-BFCD-AF3815E79250}.Debug|x64.ActiveCfg = Debug|x64
		{D317B3B6-57D9-4688-BFCD-AF3815E79250}.Debug|x64.Build.0 = Debug|x64
		{D317B3B6-57D9-4688-BFCD-AF3815E79250}.Debug|x86.ActiveCfg = Debug|Win32
		{D317B3B6-57D9-4688-BFCD-AF3815E79250}.Debug|x86.Build.0 = Debug|Win32
		{D317B3B6-57D9-4688-BFCD-AF3815E79250}.Release LLVM|x64.ActiveCfg = Release LLVM|x64
		{D317B3B6-57D9-4688-BFCD-AF3815E79250}.Release LLVM|x64.Build.0 = Release LLVM|x64
		{D317B3B6-57D9-4688-BFCD-AF3815E79250}.Release LLVM|x86.ActiveCfg = Release LLVM|Win32
		{D317B3B6-57D9-4688-BFCD-AF3815E79250}.Release LLVM|x86.Build.0 = Release LLVM|Win32
		{D317B3B6-57D9-4688-BFCD-AF3815E79250}.Release|x64.ActiveCfg = Release|x64
		{D317B3B6-57D9-4688-BFCD-AF3815E79250}.Release|x64.Build.0 = Release|x64
		{D317B3B6-57D9-4688-BFCD-AF3815E79250}.Release|x86.ActiveCfg = Release|Win32
		{D317B3B6-57D9-4688-BFCD-AF3815E79250}.Release|x86.Build.0 = Release|Win32
		{4BA7F911-B93B-4EE8-8E21-CAD9A47B3DF9}.Debug LLVM|x64.ActiveCfg = Debug|x64
		{4BA7F911-B93B-4EE8-8E21-CAD9A47B3DF9}.Debug LLVM|x64.Build.0 = Debug|x64
		{4BA7F911-B93B-4EE8-8E21-CAD9A47B3DF9}.Debug LLVM|x86.ActiveCfg = Debug|Win32
		{4BA7F911-B93B-4EE8-8E21-CAD9A47B3DF9}.Debug LLVM|x86.Build.0 = Debug|Win32
		{4BA7F911-B93B-4EE8-8E21-CAD9A47B3DF9}.Debug|x64.ActiveCfg = Debug|x64
		{4BA7F911-B93B-4EE8-8E21-CAD9A47B3DF9}.Debug|x64.Build.0 = Debug|x64
		{4BA7F911-B93B-4EE8-8E21-CAD9A47B3DF9}.Debug|x86.ActiveCfg = Debug|Win32
		{4BA7F911-B93B-4EE8-8E21-CAD9A47B3DF9}.Debug|x86.Build.0 = Debug|Win32
		{4BA7F911-B93B-4EE8-8E21-CAD9A47B3DF9}.Release LLVM|x64.ActiveCfg = Release|x64
		{4BA7F911-B93B-4EE8-8E21-CAD9A47B3DF9}.Release LLVM|x64.Build.0 = Release|x64
		{4BA7F911-B93B-4EE8-8E21-CAD9A47B3DF9}.Release LLVM|x86.ActiveCfg = Release|Win32
		{4BA7F911-B93B-4EE8-8E21-CAD9A47B3DF9}.Release LLVM|x86.Build.0 = Release|Win32
		{4BA7F911-B93B-4EE8-8E21-CAD9A47B3DF9}.Release|x64.ActiveCfg = Release|x64
		{4BA7F911-B93B-4EE8-8E21-CAD9A47B3DF9}.Release|x64.Build.0 = Release|x64
		{4BA7F911-B93B-4EE8-8E21-CAD9A47B3DF9}.Release|x86.ActiveCfg = Release|Win32
		{4BA7F911-B93B-4EE8-8E21-CAD9A47B3DF9}.Release|x86.Build.0 = Release|Win32
	EndGlobalSection
	GlobalSection(SolutionProperties) = preSolution
		HideSolutionNode = FALSE
	EndGlobalSection
	GlobalSection(NestedProjects) = preSolution
		{D977C0AE-A9EE-467F-AE96-E4AD49702BF8} = {DE88987F-53FF-48A2-9376-91BC40302EFF}
		{1A6597D6-ED10-4AA9-BCB4-71FEE1A6BA3E} = {DE88987F-53FF-48A2-9376-91BC40302EFF}
		{D317B3B6-57D9-4688-BFCD-AF3815E79250} = {DE88987F-53FF-48A2-9376-91BC40302EFF}
	EndGlobalSection
	GlobalSection(ExtensibilityGlobals) = postSolution
		SolutionGuid = {E64EFFC7-004E-4D0E-B4C8-4E02AAA5795B}
	EndGlobalSection
EndGlobal
