<?xml version="1.0" encoding="utf-8"?>
<Project ToolsVersion="4.0" xmlns="http://schemas.microsoft.com/developer/msbuild/2003">
  <ItemGroup>
    <ClInclude Include="..\SimDisp.h" />
    <ClInclude Include="..\..\GUI_X\resource.h" />
  </ItemGroup>
  <ItemGroup>
    <None Include="..\SimDisp.inl" />
  </ItemGroup>
  <ItemGroup>
    <ClCompile Include="..\SimClient.cpp" />
  </ItemGroup>
  <ItemGroup>
    <ResourceCompile Include="..\..\GUI_X\SimDisp.rc" />
  </ItemGroup>
  <ItemGroup>
    <Image Include="..\..\GUI_X\SimDisp.ico" />
  </ItemGroup>
</Project>