<?xml version="1.0" encoding="utf-8"?>
<Project ToolsVersion="4.0" xmlns="http://schemas.microsoft.com/developer/msbuild/2003">
  <ItemGroup>
    <ClCompile Include="..\SimDisp.cpp" />
  </ItemGroup>
  <ItemGroup>
    <ClInclude Include="..\SimDisp.h" />
    <ClInclude Include="..\resource.h">
      <Filter>Resources</Filter>
    </ClInclude>
  </ItemGroup>
  <ItemGroup>
    <None Include="..\SimDisp.inl" />
  </ItemGroup>
  <ItemGroup>
    <Filter Include="Resources">
      <UniqueIdentifier>{bb1c26b0-2d91-45fd-b9d9-263128193594}</UniqueIdentifier>
    </Filter>
  </ItemGroup>
  <ItemGroup>
    <Image Include="..\SimDisp.ico">
      <Filter>Resources</Filter>
    </Image>
    <Image Include="SimDisp.ico" />
  </ItemGroup>
  <ItemGroup>
    <ResourceCompile Include="..\SimDisp.rc">
      <Filter>Resources</Filter>
    </ResourceCompile>
  </ItemGroup>
</Project>