<?xml version="1.0" encoding="utf-8"?>
<Project ToolsVersion="4.0" xmlns="http://schemas.microsoft.com/developer/msbuild/2003">
  <ItemGroup>
    <Filter Include="Resources">
      <UniqueIdentifier>{7c031896-a1ac-4c86-9b1b-e14df2e2276f}</UniqueIdentifier>
    </Filter>
  </ItemGroup>
  <ItemGroup>
    <ClInclude Include="..\Remote\resource.h">
      <Filter>Resources</Filter>
    </ClInclude>
    <ClInclude Include="..\Remote\SimHost.h" />
    <ClInclude Include="..\SimDisp.h" />
  </ItemGroup>
  <ItemGroup>
    <ResourceCompile Include="..\Remote\SimRemote.rc">
      <Filter>Resources</Filter>
    </ResourceCompile>
  </ItemGroup>
  <ItemGroup>
    <Image Include="..\SimDisp.ico">
      <Filter>Resources</Filter>
    </Image>
  </ItemGroup>
  <ItemGroup>
    <ClCompile Include="..\Remote\SimHost.cpp" />
  </ItemGroup>
</Project>